
Microsoft Visual Studio Solution File, Format Version 12.00
# Visual Studio Version 17
VisualStudioVersion = 17.0.31919.166
MinimumVisualStudioVersion = 10.0.40219.1
Project("{FAE04EC0-301F-11D3-BF4B-00C04F79EFBC}") = "UmbracoTest.site", "UmbracoTest.site\UmbracoTest.site.csproj", "{A58DBA68-1D13-4D77-AE35-B160B0EF39AC}"
EndProject
Global
	GlobalSection(SolutionConfigurationPlatforms) = preSolution
		Debug|Any CPU = Debug|Any CPU
		Release|Any CPU = Release|Any CPU
	EndGlobalSection
	GlobalSection(ProjectConfigurationPlatforms) = postSolution
		{A58DBA68-1D13-4D77-AE35-B160B0EF39AC}.Debug|Any CPU.ActiveCfg = Debug|Any CPU
		{A58DBA68-1D13-4D77-AE35-B160B0EF39AC}.Debug|Any CPU.Build.0 = Debug|Any CPU
		{A58DBA68-1D13-4D77-AE35-B160B0EF39AC}.Release|Any CPU.ActiveCfg = Release|Any CPU
		{A58DBA68-1D13-4D77-AE35-B160B0EF39AC}.Release|Any CPU.Build.0 = Release|Any CPU
	EndGlobalSection
	GlobalSection(SolutionProperties) = preSolution
		HideSolutionNode = FALSE
	EndGlobalSection
	GlobalSection(ExtensibilityGlobals) = postSolution
		SolutionGuid = {6D3D409C-923A-4A5E-818E-0283D71D3092}
	EndGlobalSection
EndGlobal
